#
# This file is autogenerated by pip-compile with Python 3.12
# by the following command:
#
#    pip-compile --generate-hashes --no-emit-index-url --no-index --output-file=requirements.lock --strip-extras pyproject.toml
#
anyio==4.15.1 \
    --hash=sha256:6152fdbbf9a77fdec97731721bebf7c4c44f7c29b424b0065826173efc7ed101 \
    --hash=sha256:9f28306018cbd6d329e64a36d58256edff76dd996fe423bc957326e578b82a94
    # via httpx
certifi==2026.7.22 \
    --hash=sha256:62f22742b58a1a33014a2b6b706588a8d7e2a88ae7bd1a6ebe8c992928483775 \
    --hash=sha256:741e2c3b351ddf169a738da9f2c048608ff7f2c5cc02f1ebc6b118bb090d5d55
    # via
    #   httpcore
    #   httpx
h11==0.16.0 \
    --hash=sha256:4e35b956cf45792e4caa5885e69fba00bdbc6ffafbfa020300e549b208ee5ff1 \
    --hash=sha256:63cf8bbe7522de3bf65932fda1d9c2772064ffb3dae62d55932da54b31cb6c86
    # via httpcore
httpcore==1.0.9 \
    --hash=sha256:2d400746a40668fc9dec9810239072b40b4484b640a8c38fd654a024c7a1bf55 \
    --hash=sha256:6e34463af53fd2ab5d807f399a9b45ea31c3dfa2276f15a2c3f00afff6e176e8
    # via httpx
httpx==0.28.1 \
    --hash=sha256:75e98c5f16b0f35b567856f597f06ff2270a374470a5c2392242528e3e3e42fc \
    --hash=sha256:d909fcccc110f8c7faf814ca82a9a4d816bc5a6dbfea25d6591d6985b8ba59ad
    # via prospection-worker (pyproject.toml)
idna==3.20 \
    --hash=sha256:a7db850025b95ded1eae8a46181a1a6c56c92c96f0e2b005d9ff8dc0210cab44 \
    --hash=sha256:ab7ae7122974553370f0bdb919e1a960b2cd1bc1ef0276416d896db81c14582c
    # via
    #   anyio
    #   httpx
pymysql==1.2.3 \
    --hash=sha256:14f1c68e2ed859243ae5ca41ffbe677027fc46bc136a9f0be8a4e928e5e7415a \
    --hash=sha256:d5b288529782e536ae171866df3ca9dc4f6cbfb3cc2f18e6f837fbb90dbc262b
    # via prospection-worker (pyproject.toml)
selectolax==0.4.13 \
    --hash=sha256:0051fae80668a4082c8c119677e8809ecc43f0dbb379580e1e55647473f1503f \
    --hash=sha256:04675e7f1e98b04e42d92593f7522f13f590783f824f275aa9e63b6463291756 \
    --hash=sha256:053c1a62ca2f34339ae69b5ab9b4906c4ff9f911737f9b7afa16ce7f450ecb46 \
    --hash=sha256:0784f0b67d18062b2c8aeacac0634548f60c1bff03f066103a2fe80e23366580 \
    --hash=sha256:0924afc9f95a1699c32cfc1e3ba247b8e7160f85c0a1eb04a68d289af242efb1 \
    --hash=sha256:0d8f3635eaae0948fc34aec3f4a62902ca4cd4c3983d32b0f50b56a0b36f572d \
    --hash=sha256:11f64918f0b6b13669802a4d43a412aba3fc28841a9d921a2a049d4b982bb061 \
    --hash=sha256:15c26caea0aa3823ed677567540e7767019f32bf40327a6d63bea26e7d5cc7d8 \
    --hash=sha256:1a91ba3961dc52d9a3fb0afc110ebce4655ff46e4c18515ee439bc1a90fa2ba8 \
    --hash=sha256:1e7e36d58e069820a02a7130576fd028f2de71a9f52e1f2ce8fd13f443a1c063 \
    --hash=sha256:231ddb52acf16c06c06d0e309a47dca470aac52d9c8dfd8ecfe63b04daa95a97 \
    --hash=sha256:261116b1b13efbec5cc0252baeca3a85098e96ef5c088bf3ef8cfbe15d3a8ea3 \
    --hash=sha256:287ed581ae6689bf7c6adb5826668c6ed04a085004ee1bdcc028c8904a789a14 \
    --hash=sha256:2e4f7fb582c9692964020d28f2c8e60327cfdc6d589c7a7dd49e36cfb493e2d4 \
    --hash=sha256:2e8435bc0b610c16fb98f88b42fa7a3ccafbc2ee14c4c6f6ccf941f69ac472dd \
    --hash=sha256:3d7a17a78a1c9a08b2684d15d1cb65d5f68291ac2502d5879c8a7329649f7a52 \
    --hash=sha256:3ea50f9c49ddd6717b6fef7df330a7df52c801a0e70120512058b6d7c7a60955 \
    --hash=sha256:40d3795529e4834d65d62157c760ab64f912f383d4d1089231bd742390bbaa2a \
    --hash=sha256:42a3aa51c302e6b4ecf59eb5c59f96a0fc7a045daf8713919f83d589e42e353a \
    --hash=sha256:447f6f0f6b4b534de114a1fc4015f924851bb312a403fd4d3cb8af1c2aa06350 \
    --hash=sha256:4785e8601afb79b1ebffbef27ac18eacf2d2c68efaec83a0384c115a329d2b35 \
    --hash=sha256:48521b0e9ba62e0f55ee5683305b668f713b26852e48d3dbdcdb06a574a9d091 \
    --hash=sha256:4d04f2b45fb3576ed7b1f14959dcd5d0ec44edd7a85eae6b454f2ddd47af2cbb \
    --hash=sha256:51910fadf85954c3fd86bd86c4a3dceaf0d58475a22cfad53ea1088d3ba2afee \
    --hash=sha256:67f86f7e9ddbc025a061e7f80a812deb90f4259400d49ac05eca81430a39d4a0 \
    --hash=sha256:698468d26806e2ce23625c4b3854fe079f0ddc00678335651e9b7b752cdff13a \
    --hash=sha256:6e0971e8e33ca710ef9c2798b9101783c6cae851d3a2dcee3c5e3d75fb1581bc \
    --hash=sha256:6eae5b4d52fdcbb8d6a1d55c3b0f528c41a53a596298bc2e45e9e0eaae00550b \
    --hash=sha256:72dd58290c34a3066cb23e0dddf29a9660b7ed660c38ebcb166c838ce1cf1c7f \
    --hash=sha256:784985b013e429c5ae7ff330aa5800130133cefcdef33464ee741f127bd305fc \
    --hash=sha256:78ab651f42cc5e1afc75da984a8e2d5cbcc2f87eb532e227a46d2a6ebb92a9fa \
    --hash=sha256:7daaff7ff26a295542edbe70464f10c198dc3703e04125a00bd2b845eb6db3d7 \
    --hash=sha256:7f357baf51fd795b2459cfa2eba4c612e2a8d1393f48cac212fc2eeabde442c2 \
    --hash=sha256:86033f8959b23b1d47a9f13011b5ef79f3bdfef454647898a103b1c5cabe59f0 \
    --hash=sha256:87e12b340e75d912468dd391db468a1f3f1bd5255900bff7ec184ba0520299ab \
    --hash=sha256:8eb6a13c56aa7f432672ed61b0e40d3b4f036f756d46f1d2b0da0f88fad775bc \
    --hash=sha256:9d3933d01055822cafa174c869ba58bd54bd5ddcbaaca919d2c791c12b10fc0e \
    --hash=sha256:b2928024eeb3761022061b3cecc010e9f82ad3e990636111b21c8ef5324e9233 \
    --hash=sha256:b44ce0eb9c041589402adbe85c9920db1b3a46d31b40e78bd30deb125448b50c \
    --hash=sha256:b5c8763ee56adfda768bf574c15d7a2778b8ff167f602b5092e4bdd7cf2c34f5 \
    --hash=sha256:b810c979aa06b98f04773c39cb93def57dfbb7bdcae642e741dd68082d07d4e1 \
    --hash=sha256:baa2e172aeeba1974657ffc928a62c44a661a24e25540e75243049d293032ea0 \
    --hash=sha256:babcfc1e13087c619d541c4ab350b04e3c84b95d5b33164f26b8efe0e8a458d4 \
    --hash=sha256:bbec6d46fc00d6239287fd408e5be51aa123d0a03e5a37a35d2294883869cbeb \
    --hash=sha256:bdb0f1ca6efa080685a865cc0375843984b1da0c5e9e07de4b1c4d766d93685b \
    --hash=sha256:cb96fbbd5bead47b47ec457931a54842a4b08c6b9a8628bb25cee710d6ec2ee4 \
    --hash=sha256:cd5bd36e4ee96115c7ee45b6f9447daee6052f86bb47b1ede0186d9fbac5e493 \
    --hash=sha256:d5f42f266e34fac9688628c9be4d89459ed2a2d3b216a40014f961f8d9da8b30 \
    --hash=sha256:d834218349cdebd322805c84745e86741c9aefd9be16c927b4055250ed280060 \
    --hash=sha256:d984b462efcbada0270a91b2d393f92dbeb29fbd61c586858238f281ade4c160 \
    --hash=sha256:da10791bd3362ce9cfae525d01953b75676e239ae1d7ee08b1f843455a5721cd \
    --hash=sha256:df85653c025b355b6895222f0716abaa3bc05343c8009061cb01a939214d3aa0 \
    --hash=sha256:e59954cc37a1632250970a69706d264b2823b2954a61a810c4384944b5206ee4 \
    --hash=sha256:e6ff191548e3664e8f2777f973012cc5d30c81c9170378c2e4d2aa1edf850f22 \
    --hash=sha256:e97f17df197e0c1ad6e612679f3c6e02e72abeafc51665898de0a5d78383eca1 \
    --hash=sha256:e98171330ea092d84c59fdaa67e2e41e46644eba06076c2dcce050d34a1d2f75 \
    --hash=sha256:ea24b2e81f0bcb914d22d58d3b169e043de158c60de89b9780d538e74920ba52 \
    --hash=sha256:eb1445541d86097e4a623400dd0f9d94a060ec0f6de541a046d73edac957267b \
    --hash=sha256:eb24853c6d8c3697baf0168b586bd791c0aeee11e200e640817656f278df6de5 \
    --hash=sha256:eb285a103cc139f3be4c86f8e55239601f6e6c4689ceec0c7aacfa3c53128519 \
    --hash=sha256:ececb4dbf0290588875c32e8070f83d4a635e1fdc43fa7a09eda7d84476b3f6b \
    --hash=sha256:f453a5da8babc78d3ade3ee1cebf64fd271a2dac3ab6f09d0f273375754b762d \
    --hash=sha256:f485b880696108d694d2a75077dcb387dbe1c5fa49ea660c96c43d4de7a5c481 \
    --hash=sha256:f851543e6e85c02e3c1da06add3349b53166da8e57e721841a0242bce6ad6373
    # via prospection-worker (pyproject.toml)
typing-extensions==4.16.0 \
    --hash=sha256:481caa481374e813c1b176ada14e97f1f67a4539ce9cfeb3f350d78d6370c2e8 \
    --hash=sha256:dc983d19a509c94dba722ee6abd33940f7c05a89e243c47e907eb4db6f1a43e5
    # via anyio
